
Microsoft Visual Studio Solution File, Format Version 12.00
# Visual Studio Version 16
VisualStudioVersion = 16.0.31205.134
MinimumVisualStudioVersion = 10.0.40219.1
Project("{FAE04EC0-301F-11D3-BF4B-00C04F79EFBC}") = "AsyncAndAwait", "AsyncAndAwait\AsyncAndAwait.csproj", "{82937113-D2AF-479F-AFBA-DF21E2C9F752}"
EndProject
Project("{FAE04EC0-301F-11D3-BF4B-00C04F79EFBC}") = "Factorial", "Factorial\Factorial.csproj", "{5EDEA98A-3543-43A4-8E36-16B7731CDB9B}"
EndProject
Global
	GlobalSection(SolutionConfigurationPlatforms) = preSolution
		Debug|Any CPU = Debug|Any CPU
		Release|Any CPU = Release|Any CPU
	EndGlobalSection
	GlobalSection(ProjectConfigurationPlatforms) = postSolution
		{82937113-D2AF-479F-AFBA-DF21E2C9F752}.Debug|Any CPU.ActiveCfg = Debug|Any CPU
		{82937113-D2AF-479F-AFBA-DF21E2C9F752}.Debug|Any CPU.Build.0 = Debug|Any CPU
		{82937113-D2AF-479F-AFBA-DF21E2C9F752}.Release|Any CPU.ActiveCfg = Release|Any CPU
		{82937113-D2AF-479F-AFBA-DF21E2C9F752}.Release|Any CPU.Build.0 = Release|Any CPU
		{5EDEA98A-3543-43A4-8E36-16B7731CDB9B}.Debug|Any CPU.ActiveCfg = Debug|Any CPU
		{5EDEA98A-3543-43A4-8E36-16B7731CDB9B}.Debug|Any CPU.Build.0 = Debug|Any CPU
		{5EDEA98A-3543-43A4-8E36-16B7731CDB9B}.Release|Any CPU.ActiveCfg = Release|Any CPU
		{5EDEA98A-3543-43A4-8E36-16B7731CDB9B}.Release|Any CPU.Build.0 = Release|Any CPU
	EndGlobalSection
	GlobalSection(SolutionProperties) = preSolution
		HideSolutionNode = FALSE
	EndGlobalSection
	GlobalSection(ExtensibilityGlobals) = postSolution
		SolutionGuid = {6C1B6BC5-3891-469D-A815-8B7C4F03258C}
	EndGlobalSection
EndGlobal
